
Microsoft Visual Studio Solution File, Format Version 12.00
# Visual Studio Version 16
VisualStudioVersion = 16.0.31205.134
MinimumVisualStudioVersion = 10.0.40219.1
Project("{9A19103F-16F7-4668-BE54-9A1E7A4F7556}") = "MultiKeyLookup", "MultiKeyLookup\MultiKeyLookup.csproj", "{51BE27CE-9A01-46A9-AAC2-A6CBB7AA0B38}"
EndProject
Project("{9A19103F-16F7-4668-BE54-9A1E7A4F7556}") = "MultiKeyLookupConsole", "MultiKeyLookupConsole\MultiKeyLookupConsole.csproj", "{7A510011-0A7F-45E6-850E-2A83CCCCC2F5}"
EndProject
Global
	GlobalSection(SolutionConfigurationPlatforms) = preSolution
		Debug|Any CPU = Debug|Any CPU
		Release|Any CPU = Release|Any CPU
	EndGlobalSection
	GlobalSection(ProjectConfigurationPlatforms) = postSolution
		{51BE27CE-9A01-46A9-AAC2-A6CBB7AA0B38}.Debug|Any CPU.ActiveCfg = Debug|Any CPU
		{51BE27CE-9A01-46A9-AAC2-A6CBB7AA0B38}.Debug|Any CPU.Build.0 = Debug|Any CPU
		{51BE27CE-9A01-46A9-AAC2-A6CBB7AA0B38}.Release|Any CPU.ActiveCfg = Release|Any CPU
		{51BE27CE-9A01-46A9-AAC2-A6CBB7AA0B38}.Release|Any CPU.Build.0 = Release|Any CPU
		{7A510011-0A7F-45E6-850E-2A83CCCCC2F5}.Debug|Any CPU.ActiveCfg = Debug|Any CPU
		{7A510011-0A7F-45E6-850E-2A83CCCCC2F5}.Debug|Any CPU.Build.0 = Debug|Any CPU
		{7A510011-0A7F-45E6-850E-2A83CCCCC2F5}.Release|Any CPU.ActiveCfg = Release|Any CPU
		{7A510011-0A7F-45E6-850E-2A83CCCCC2F5}.Release|Any CPU.Build.0 = Release|Any CPU
	EndGlobalSection
	GlobalSection(SolutionProperties) = preSolution
		HideSolutionNode = FALSE
	EndGlobalSection
	GlobalSection(ExtensibilityGlobals) = postSolution
		SolutionGuid = {31CF8884-3C46-4F0E-858A-007A64124414}
	EndGlobalSection
EndGlobal
